PODS:
  - SDWebImage (5.8.1):
    - SDWebImage/Core (= 5.8.1)
  - SDWebImage/Core (5.8.1)

DEPENDENCIES:
  - SDWebImage (~> 5.0)

SPEC REPOS:
  trunk:
    - SDWebImage

SPEC CHECKSUMS:
  SDWebImage: e3eae2eda88578db0685a0c88597fdadd9433f05

PODFILE CHECKSUM: fe28ea6fe42688facf928901ec46fa8ae0c6b5d2

COCOAPODS: 1.9.3
